// !$*UTF8*$!
{
	archiveVersion = 1;
	classes = {
	};
	objectVersion = 50;
	objects = {

/* Begin PBXBuildFile section */
		84FDB87D26A6AD04009DF719 /* OpenGL.framework in Frameworks */ = {isa = PBXBuildFile; fileRef = 84FDB87C26A6AD04009DF719 /* OpenGL.framework */; };
		84FDB87F26A6AD12009DF719 /* CoreFoundation.framework in Frameworks */ = {isa = PBXBuildFile; fileRef = 84FDB87E26A6AD12009DF719 /* CoreFoundation.framework */; };
		84FDB88526A6AE84009DF719 /* libGLEW.2.2.0.dylib in Frameworks */ = {isa = PBXBuildFile; fileRef = 84FDB88426A6AE84009DF719 /* libGLEW.2.2.0.dylib */; };
		84FDB88726A6AEFE009DF719 /* libglfw.3.3.dylib in Frameworks */ = {isa = PBXBuildFile; fileRef = 84FDB88626A6AEFE009DF719 /* libglfw.3.3.dylib */; };
		84FDB88B26A6AF2C009DF719 /* main.cpp in Sources */ = {isa = PBXBuildFile; fileRef = 84FDB88926A6AF2C009DF719 /* main.cpp */; };
/* End PBXBuildFile section */

/* Begin PBXCopyFilesBuildPhase section */
		84FDB86E26A6A6B7009DF719 /* CopyFiles */ = {
			isa = PBXCopyFilesBuildPhase;
			buildActionMask = 2147483647;
			dstPath = /usr/share/man/man1/;
			dstSubfolderSpec = 0;
			files = (
			);
			runOnlyForDeploymentPostprocessing = 1;
		};
/* End PBXCopyFilesBuildPhase section */

/* Begin PBXFileReference section */
		84FDB87026A6A6B7009DF719 /* 0720demo_01 */ = {isa = PBXFileReference; explicitFileType = "compiled.mach-o.executable"; includeInIndex = 0; path = 0720demo_01; sourceTree = BUILT_PRODUCTS_DIR; };
		84FDB87C26A6AD04009DF719 /* OpenGL.framework */ = {isa = PBXFileReference; lastKnownFileType = wrapper.framework; name = OpenGL.framework; path = System/Library/Frameworks/OpenGL.framework; sourceTree = SDKROOT; };
		84FDB87E26A6AD12009DF719 /* CoreFoundation.framework */ = {isa = PBXFileReference; lastKnownFileType = wrapper.framework; name = CoreFoundation.framework; path = System/Library/Frameworks/CoreFoundation.framework; sourceTree = SDKROOT; };
		84FDB88026A6AE5C009DF719 /* lib */ = {isa = PBXFileReference; lastKnownFileType = folder; name = lib; path = ../../../../../usr/local/Cellar/glew/2.2.0_1/lib; sourceTree = "<group>"; };
		84FDB88426A6AE84009DF719 /* libGLEW.2.2.0.dylib */ = {isa = PBXFileReference; lastKnownFileType = "compiled.mach-o.dylib"; name = libGLEW.2.2.0.dylib; path = ../../../../../usr/local/Cellar/glew/2.2.0_1/lib/libGLEW.2.2.0.dylib; sourceTree = "<group>"; };
		84FDB88626A6AEFE009DF719 /* libglfw.3.3.dylib */ = {isa = PBXFileReference; lastKnownFileType = "compiled.mach-o.dylib"; name = libglfw.3.3.dylib; path = ../../../../../usr/local/Cellar/glfw/3.3.4/lib/libglfw.3.3.dylib; sourceTree = "<group>"; };
		84FDB88926A6AF2C009DF719 /* main.cpp */ = {isa = PBXFileReference; lastKnownFileType = sourcecode.cpp.cpp; path = main.cpp; sourceTree = "<group>"; };
/* End PBXFileReference section */

/* Begin PBXFrameworksBuildPhase section */
		84FDB86D26A6A6B7009DF719 /* Frameworks */ = {
			isa = PBXFrameworksBuildPhase;
			buildActionMask = 2147483647;
			files = (
				84FDB87F26A6AD12009DF719 /* CoreFoundation.framework in Frameworks */,
				84FDB87D26A6AD04009DF719 /* OpenGL.framework in Frameworks */,
				84FDB88526A6AE84009DF719 /* libGLEW.2.2.0.dylib in Frameworks */,
				84FDB88726A6AEFE009DF719 /* libglfw.3.3.dylib in Frameworks */,
			);
			runOnlyForDeploymentPostprocessing = 0;
		};
/* End PBXFrameworksBuildPhase section */

/* Begin PBXGroup section */
		84FDB86726A6A6B7009DF719 = {
			isa = PBXGroup;
			children = (
				84FDB87226A6A6B7009DF719 /* 0720demo_01 */,
				84FDB87126A6A6B7009DF719 /* Products */,
				84FDB87B26A6AD04009DF719 /* Frameworks */,
			);
			sourceTree = "<group>";
		};
		84FDB87126A6A6B7009DF719 /* Products */ = {
			isa = PBXGroup;
			children = (
				84FDB87026A6A6B7009DF719 /* 0720demo_01 */,
			);
			name = Products;
			sourceTree = "<group>";
		};
		84FDB87226A6A6B7009DF719 /* 0720demo_01 */ = {
			isa = PBXGroup;
			children = (
				84FDB88926A6AF2C009DF719 /* main.cpp */,
			);
			path = 0720demo_01;
			sourceTree = "<group>";
		};
		84FDB87B26A6AD04009DF719 /* Frameworks */ = {
			isa = PBXGroup;
			children = (
				84FDB88626A6AEFE009DF719 /* libglfw.3.3.dylib */,
				84FDB88426A6AE84009DF719 /* libGLEW.2.2.0.dylib */,
				84FDB88026A6AE5C009DF719 /* lib */,
				84FDB87E26A6AD12009DF719 /* CoreFoundation.framework */,
				84FDB87C26A6AD04009DF719 /* OpenGL.framework */,
			);
			name = Frameworks;
			sourceTree = "<group>";
		};
/* End PBXGroup section */

/* Begin PBXNativeTarget section */
		84FDB86F26A6A6B7009DF719 /* 0720demo_01 */ = {
			isa = PBXNativeTarget;
			buildConfigurationList = 84FDB87726A6A6B7009DF719 /* Build configuration list for PBXNativeTarget "0720demo_01" */;
			buildPhases = (
				84FDB86C26A6A6B7009DF719 /* Sources */,
				84FDB86D26A6A6B7009DF719 /* Frameworks */,
				84FDB86E26A6A6B7009DF719 /* CopyFiles */,
			);
			buildRules = (
			);
			dependencies = (
			);
			name = 0720demo_01;
			productName = 0720demo_01;
			productReference = 84FDB87026A6A6B7009DF719 /* 0720demo_01 */;
			productType = "com.apple.product-type.tool";
		};
/* End PBXNativeTarget section */

/* Begin PBXProject section */
		84FDB86826A6A6B7009DF719 /* Project object */ = {
			isa = PBXProject;
			attributes = {
				LastUpgradeCheck = 1240;
				TargetAttributes = {
					84FDB86F26A6A6B7009DF719 = {
						CreatedOnToolsVersion = 12.4;
					};
				};
			};
			buildConfigurationList = 84FDB86B26A6A6B7009DF719 /* Build configuration list for PBXProject "0720demo_01" */;
			compatibilityVersion = "Xcode 9.3";
			developmentRegion = en;
			hasScannedForEncodings = 0;
			knownRegions = (
				en,
				Base,
			);
			mainGroup = 84FDB86726A6A6B7009DF719;
			productRefGroup = 84FDB87126A6A6B7009DF719 /* Products */;
			projectDirPath = "";
			projectRoot = "";
			targets = (
				84FDB86F26A6A6B7009DF719 /* 0720demo_01 */,
			);
		};
/* End PBXProject section */

/* Begin PBXSourcesBuildPhase section */
		84FDB86C26A6A6B7009DF719 /* Sources */ = {
			isa = PBXSourcesBuildPhase;
			buildActionMask = 2147483647;
			files = (
				84FDB88B26A6AF2C009DF719 /* main.cpp in Sources */,
			);
			runOnlyForDeploymentPostprocessing = 0;
		};
/* End PBXSourcesBuildPhase section */

/* Begin XCBuildConfiguration section */
		84FDB87526A6A6B7009DF719 /* Debug */ = {
			isa = XCBuildConfiguration;
			buildSettings = {
				ALWAYS_SEARCH_USER_PATHS = NO;
				CLANG_ANALYZER_NONNULL = YES;
				CLANG_ANALYZER_NUMBER_OBJECT_CONVERSION = YES_AGGRESSIVE;
				CLANG_CXX_LANGUAGE_STANDARD = "gnu++14";
				CLANG_CXX_LIBRARY = "libc++";
				CLANG_ENABLE_MODULES = YES;
				CLANG_ENABLE_OBJC_ARC = YES;
				CLANG_ENABLE_OBJC_WEAK = YES;
				CLANG_WARN_BLOCK_CAPTURE_AUTORELEASING = YES;
				CLANG_WARN_BOOL_CONVERSION = YES;
				CLANG_WARN_COMMA = YES;
				CLANG_WARN_CONSTANT_CONVERSION = YES;
				CLANG_WARN_DEPRECATED_OBJC_IMPLEMENTATIONS = YES;
				CLANG_WARN_DIRECT_OBJC_ISA_USAGE = YES_ERROR;
				CLANG_WARN_DOCUMENTATION_COMMENTS = YES;
				CLANG_WARN_EMPTY_BODY = YES;
				CLANG_WARN_ENUM_CONVERSION = YES;
				CLANG_WARN_INFINITE_RECURSION = YES;
				CLANG_WARN_INT_CONVERSION = YES;
				CLANG_WARN_NON_LITERAL_NULL_CONVERSION = YES;
				CLANG_WARN_OBJC_IMPLICIT_RETAIN_SELF = YES;
				CLANG_WARN_OBJC_LITERAL_CONVERSION = YES;
				CLANG_WARN_OBJC_ROOT_CLASS = YES_ERROR;
				CLANG_WARN_QUOTED_INCLUDE_IN_FRAMEWORK_HEADER = YES;
				CLANG_WARN_RANGE_LOOP_ANALYSIS = YES;
				CLANG_WARN_STRICT_PROTOTYPES = YES;
				CLANG_WARN_SUSPICIOUS_MOVE = YES;
				CLANG_WARN_UNGUARDED_AVAILABILITY = YES_AGGRESSIVE;
				CLANG_WARN_UNREACHABLE_CODE = YES;
				CLANG_WARN__DUPLICATE_METHOD_MATCH = YES;
				COPY_PHASE_STRIP = NO;
				DEBUG_INFORMATION_FORMAT = dwarf;
				ENABLE_STRICT_OBJC_MSGSEND = YES;
				ENABLE_TESTABILITY = YES;
				GCC_C_LANGUAGE_STANDARD = gnu11;
				GCC_DYNAMIC_NO_PIC = NO;
				GCC_NO_COMMON_BLOCKS = YES;
				GCC_OPTIMIZATION_LEVEL = 0;
				GCC_PREPROCESSOR_DEFINITIONS = (
					"DEBUG=1",
					"$(inherited)",
				);
				GCC_WARN_64_TO_32_BIT_CONVERSION = YES;
				GCC_WARN_ABOUT_RETURN_TYPE = YES_ERROR;
				GCC_WARN_UNDECLARED_SELECTOR = YES;
				GCC_WARN_UNINITIALIZED_AUTOS = YES_AGGRESSIVE;
				GCC_WARN_UNUSED_FUNCTION = YES;
				GCC_WARN_UNUSED_VARIABLE = YES;
				MACOSX_DEPLOYMENT_TARGET = 10.15;
				MTL_ENABLE_DEBUG_INFO = INCLUDE_SOURCE;
				MTL_FAST_MATH = YES;
				ONLY_ACTIVE_ARCH = YES;
				SDKROOT = macosx;
			};
			name = Debug;
		};
		84FDB87626A6A6B7009DF719 /* Release */ = {
			isa = XCBuildConfiguration;
			buildSettings = {
				ALWAYS_SEARCH_USER_PATHS = NO;
				CLANG_ANALYZER_NONNULL = YES;
				CLANG_ANALYZER_NUMBER_OBJECT_CONVERSION = YES_AGGRESSIVE;
				CLANG_CXX_LANGUAGE_STANDARD = "gnu++14";
				CLANG_CXX_LIBRARY = "libc++";
				CLANG_ENABLE_MODULES = YES;
				CLANG_ENABLE_OBJC_ARC = YES;
				CLANG_ENABLE_OBJC_WEAK = YES;
				CLANG_WARN_BLOCK_CAPTURE_AUTORELEASING = YES;
				CLANG_WARN_BOOL_CONVERSION = YES;
				CLANG_WARN_COMMA = YES;
				CLANG_WARN_CONSTANT_CONVERSION = YES;
				CLANG_WARN_DEPRECATED_OBJC_IMPLEMENTATIONS = YES;
				CLANG_WARN_DIRECT_OBJC_ISA_USAGE = YES_ERROR;
				CLANG_WARN_DOCUMENTATION_COMMENTS = YES;
				CLANG_WARN_EMPTY_BODY = YES;
				CLANG_WARN_ENUM_CONVERSION = YES;
				CLANG_WARN_INFINITE_RECURSION = YES;
				CLANG_WARN_INT_CONVERSION = YES;
				CLANG_WARN_NON_LITERAL_NULL_CONVERSION = YES;
				CLANG_WARN_OBJC_IMPLICIT_RETAIN_SELF = YES;
				CLANG_WARN_OBJC_LITERAL_CONVERSION = YES;
				CLANG_WARN_OBJC_ROOT_CLASS = YES_ERROR;
				CLANG_WARN_QUOTED_INCLUDE_IN_FRAMEWORK_HEADER = YES;
				CLANG_WARN_RANGE_LOOP_ANALYSIS = YES;
				CLANG_WARN_STRICT_PROTOTYPES = YES;
				CLANG_WARN_SUSPICIOUS_MOVE = YES;
				CLANG_WARN_UNGUARDED_AVAILABILITY = YES_AGGRESSIVE;
				CLANG_WARN_UNREACHABLE_CODE = YES;
				CLANG_WARN__DUPLICATE_METHOD_MATCH = YES;
				COPY_PHASE_STRIP = NO;
				DEBUG_INFORMATION_FORMAT = "dwarf-with-dsym";
				ENABLE_NS_ASSERTIONS = NO;
				ENABLE_STRICT_OBJC_MSGSEND = YES;
				GCC_C_LANGUAGE_STANDARD = gnu11;
				GCC_NO_COMMON_BLOCKS = YES;
				GCC_WARN_64_TO_32_BIT_CONVERSION = YES;
				GCC_WARN_ABOUT_RETURN_TYPE = YES_ERROR;
				GCC_WARN_UNDECLARED_SELECTOR = YES;
				GCC_WARN_UNINITIALIZED_AUTOS = YES_AGGRESSIVE;
				GCC_WARN_UNUSED_FUNCTION = YES;
				GCC_WARN_UNUSED_VARIABLE = YES;
				MACOSX_DEPLOYMENT_TARGET = 10.15;
				MTL_ENABLE_DEBUG_INFO = NO;
				MTL_FAST_MATH = YES;
				SDKROOT = macosx;
			};
			name = Release;
		};
		84FDB87826A6A6B7009DF719 /* Debug */ = {
			isa = XCBuildConfiguration;
			buildSettings = {
				CODE_SIGN_STYLE = Automatic;
				HEADER_SEARCH_PATHS = /usr/local/include;
				LIBRARY_SEARCH_PATHS = (
					"$(inherited)",
					/usr/local/Cellar/glew/2.2.0_1/lib,
					/usr/local/Cellar/glfw/3.3.4/lib,
				);
				PRODUCT_NAME = "$(TARGET_NAME)";
			};
			name = Debug;
		};
		84FDB87926A6A6B7009DF719 /* Release */ = {
			isa = XCBuildConfiguration;
			buildSettings = {
				CODE_SIGN_STYLE = Automatic;
				HEADER_SEARCH_PATHS = /usr/local/include;
				LIBRARY_SEARCH_PATHS = (
					"$(inherited)",
					/usr/local/Cellar/glew/2.2.0_1/lib,
					/usr/local/Cellar/glfw/3.3.4/lib,
				);
				PRODUCT_NAME = "$(TARGET_NAME)";
			};
			name = Release;
		};
/* End XCBuildConfiguration section */

/* Begin XCConfigurationList section */
		84FDB86B26A6A6B7009DF719 /* Build configuration list for PBXProject "0720demo_01" */ = {
			isa = XCConfigurationList;
			buildConfigurations = (
				84FDB87526A6A6B7009DF719 /* Debug */,
				84FDB87626A6A6B7009DF719 /* Release */,
			);
			defaultConfigurationIsVisible = 0;
			defaultConfigurationName = Release;
		};
		84FDB87726A6A6B7009DF719 /* Build configuration list for PBXNativeTarget "0720demo_01" */ = {
			isa = XCConfigurationList;
			buildConfigurations = (
				84FDB87826A6A6B7009DF719 /* Debug */,
				84FDB87926A6A6B7009DF719 /* Release */,
			);
			defaultConfigurationIsVisible = 0;
			defaultConfigurationName = Release;
		};
/* End XCConfigurationList section */
	};
	rootObject = 84FDB86826A6A6B7009DF719 /* Project object */;
}
